// !$*UTF8*$!
{
	archiveVersion = 1;
	classes = {
	};
	objectVersion = 48;
	objects = {

/* Begin PBXBuildFile section */
		9026AD5F2048231800268B37 /* AppDelegate.m in Sources */ = {isa = PBXBuildFile; fileRef = 9026AD5E2048231800268B37 /* AppDelegate.m */; };
		9026AD622048231800268B37 /* ViewController.m in Sources */ = {isa = PBXBuildFile; fileRef = 9026AD612048231800268B37 /* ViewController.m */; };
		9026AD652048231800268B37 /* Main.storyboard in Resources */ = {isa = PBXBuildFile; fileRef = 9026AD632048231800268B37 /* Main.storyboard */; };
		9026AD672048231800268B37 /* Assets.xcassets in Resources */ = {isa = PBXBuildFile; fileRef = 9026AD662048231800268B37 /* Assets.xcassets */; };
		9026AD6A2048231800268B37 /* LaunchScreen.storyboard in Resources */ = {isa = PBXBuildFile; fileRef = 9026AD682048231800268B37 /* LaunchScreen.storyboard */; };
		9026AD6D2048231800268B37 /* main.m in Sources */ = {isa = PBXBuildFile; fileRef = 9026AD6C2048231800268B37 /* main.m */; };
		9026AD772048231900268B37 /* TaroMaroCoinTests.m in Sources */ = {isa = PBXBuildFile; fileRef = 9026AD762048231900268B37 /* TaroMaroCoinTests.m */; };
		9026AD822048231900268B37 /* TaroMaroCoinUITests.m in Sources */ = {isa = PBXBuildFile; fileRef = 9026AD812048231900268B37 /* TaroMaroCoinUITests.m */; };
/* End PBXBuildFile section */

/* Begin PBXContainerItemProxy section */
		9026AD732048231900268B37 /* PBXContainerItemProxy */ = {
			isa = PBXContainerItemProxy;
			containerPortal = 9026AD522048231800268B37 /* Project object */;
			proxyType = 1;
			remoteGlobalIDString = 9026AD592048231800268B37;
			remoteInfo = TaroMaroCoin;
		};
		9026AD7E2048231900268B37 /* PBXContainerItemProxy */ = {
			isa = PBXContainerItemProxy;
			containerPortal = 9026AD522048231800268B37 /* Project object */;
			proxyType = 1;
			remoteGlobalIDString = 9026AD592048231800268B37;
			remoteInfo = TaroMaroCoin;
		};
/* End PBXContainerItemProxy section */

/* Begin PBXFileReference section */
		9026AD5A2048231800268B37 /* TaroMaroCoin.app */ = {isa = PBXFileReference; explicitFileType = wrapper.application; includeInIndex = 0; path = TaroMaroCoin.app; sourceTree = BUILT_PRODUCTS_DIR; };
		9026AD5D2048231800268B37 /* AppDelegate.h */ = {isa = PBXFileReference; lastKnownFileType = sourcecode.c.h; path = AppDelegate.h; sourceTree = "<group>"; };
		9026AD5E2048231800268B37 /* AppDelegate.m */ = {isa = PBXFileReference; lastKnownFileType = sourcecode.c.objc; path = AppDelegate.m; sourceTree = "<group>"; };
		9026AD602048231800268B37 /* ViewController.h */ = {isa = PBXFileReference; lastKnownFileType = sourcecode.c.h; path = ViewController.h; sourceTree = "<group>"; };
		9026AD612048231800268B37 /* ViewController.m */ = {isa = PBXFileReference; lastKnownFileType = sourcecode.c.objc; path = ViewController.m; sourceTree = "<group>"; };
		9026AD642048231800268B37 /* Base */ = {isa = PBXFileReference; lastKnownFileType = file.storyboard; name = Base; path = Base.lproj/Main.storyboard; sourceTree = "<group>"; };
		9026AD662048231800268B37 /* Assets.xcassets */ = {isa = PBXFileReference; lastKnownFileType = folder.assetcatalog; path = Assets.xcassets; sourceTree = "<group>"; };
		9026AD692048231800268B37 /* Base */ = {isa = PBXFileReference; lastKnownFileType = file.storyboard; name = Base; path = Base.lproj/LaunchScreen.storyboard; sourceTree = "<group>"; };
		9026AD6B2048231800268B37 /* Info.plist */ = {isa = PBXFileReference; lastKnownFileType = text.plist.xml; path = Info.plist; sourceTree = "<group>"; };
		9026AD6C2048231800268B37 /* main.m */ = {isa = PBXFileReference; lastKnownFileType = sourcecode.c.objc; path = main.m; sourceTree = "<group>"; };
		9026AD722048231900268B37 /* TaroMaroCoinTests.xctest */ = {isa = PBXFileReference; explicitFileType = wrapper.cfbundle; includeInIndex = 0; path = TaroMaroCoinTests.xctest; sourceTree = BUILT_PRODUCTS_DIR; };
		9026AD762048231900268B37 /* TaroMaroCoinTests.m */ = {isa = PBXFileReference; lastKnownFileType = sourcecode.c.objc; path = TaroMaroCoinTests.m; sourceTree = "<group>"; };
		9026AD782048231900268B37 /* Info.plist */ = {isa = PBXFileReference; lastKnownFileType = text.plist.xml; path = Info.plist; sourceTree = "<group>"; };
		9026AD7D2048231900268B37 /* TaroMaroCoinUITests.xctest */ = {isa = PBXFileReference; explicitFileType = wrapper.cfbundle; includeInIndex = 0; path = TaroMaroCoinUITests.xctest; sourceTree = BUILT_PRODUCTS_DIR; };
		9026AD812048231900268B37 /* TaroMaroCoinUITests.m */ = {isa = PBXFileReference; lastKnownFileType = sourcecode.c.objc; path = TaroMaroCoinUITests.m; sourceTree = "<group>"; };
		9026AD832048231900268B37 /* Info.plist */ = {isa = PBXFileReference; lastKnownFileType = text.plist.xml; path = Info.plist; sourceTree = "<group>"; };
/* End PBXFileReference section */

/* Begin PBXFrameworksBuildPhase section */
		9026AD572048231800268B37 /* Frameworks */ = {
			isa = PBXFrameworksBuildPhase;
			buildActionMask = 2147483647;
			files = (
			);
			runOnlyForDeploymentPostprocessing = 0;
		};
		9026AD6F2048231900268B37 /* Frameworks */ = {
			isa = PBXFrameworksBuildPhase;
			buildActionMask = 2147483647;
			files = (
			);
			runOnlyForDeploymentPostprocessing = 0;
		};
		9026AD7A2048231900268B37 /* Frameworks */ = {
			isa = PBXFrameworksBuildPhase;
			buildActionMask = 2147483647;
			files = (
			);
			runOnlyForDeploymentPostprocessing = 0;
		};
/* End PBXFrameworksBuildPhase section */

/* Begin PBXGroup section */
		9026AD512048231800268B37 = {
			isa = PBXGroup;
			children = (
				9026AD5C2048231800268B37 /* TaroMaroCoin */,
				9026AD752048231900268B37 /* TaroMaroCoinTests */,
				9026AD802048231900268B37 /* TaroMaroCoinUITests */,
				9026AD5B2048231800268B37 /* Products */,
			);
			sourceTree = "<group>";
		};
		9026AD5B2048231800268B37 /* Products */ = {
			isa = PBXGroup;
			children = (
				9026AD5A2048231800268B37 /* TaroMaroCoin.app */,
				9026AD722048231900268B37 /* TaroMaroCoinTests.xctest */,
				9026AD7D2048231900268B37 /* TaroMaroCoinUITests.xctest */,
			);
			name = Products;
			sourceTree = "<group>";
		};
		9026AD5C2048231800268B37 /* TaroMaroCoin */ = {
			isa = PBXGroup;
			children = (
				9026AD5D2048231800268B37 /* AppDelegate.h */,
				9026AD5E2048231800268B37 /* AppDelegate.m */,
				9026AD602048231800268B37 /* ViewController.h */,
				9026AD612048231800268B37 /* ViewController.m */,
				9026AD632048231800268B37 /* Main.storyboard */,
				9026AD662048231800268B37 /* Assets.xcassets */,
				9026AD682048231800268B37 /* LaunchScreen.storyboard */,
				9026AD6B2048231800268B37 /* Info.plist */,
				9026AD6C2048231800268B37 /* main.m */,
			);
			path = TaroMaroCoin;
			sourceTree = "<group>";
		};
		9026AD752048231900268B37 /* TaroMaroCoinTests */ = {
			isa = PBXGroup;
			children = (
				9026AD762048231900268B37 /* TaroMaroCoinTests.m */,
				9026AD782048231900268B37 /* Info.plist */,
			);
			path = TaroMaroCoinTests;
			sourceTree = "<group>";
		};
		9026AD802048231900268B37 /* TaroMaroCoinUITests */ = {
			isa = PBXGroup;
			children = (
				9026AD812048231900268B37 /* TaroMaroCoinUITests.m */,
				9026AD832048231900268B37 /* Info.plist */,
			);
			path = TaroMaroCoinUITests;
			sourceTree = "<group>";
		};
/* End PBXGroup section */

/* Begin PBXNativeTarget section */
		9026AD592048231800268B37 /* TaroMaroCoin */ = {
			isa = PBXNativeTarget;
			buildConfigurationList = 9026AD862048231900268B37 /* Build configuration list for PBXNativeTarget "TaroMaroCoin" */;
			buildPhases = (
				9026AD562048231800268B37 /* Sources */,
				9026AD572048231800268B37 /* Frameworks */,
				9026AD582048231800268B37 /* Resources */,
			);
			buildRules = (
			);
			dependencies = (
			);
			name = TaroMaroCoin;
			productName = TaroMaroCoin;
			productReference = 9026AD5A2048231800268B37 /* TaroMaroCoin.app */;
			productType = "com.apple.product-type.application";
		};
		9026AD712048231900268B37 /* TaroMaroCoinTests */ = {
			isa = PBXNativeTarget;
			buildConfigurationList = 9026AD892048231900268B37 /* Build configuration list for PBXNativeTarget "TaroMaroCoinTests" */;
			buildPhases = (
				9026AD6E2048231900268B37 /* Sources */,
				9026AD6F2048231900268B37 /* Frameworks */,
				9026AD702048231900268B37 /* Resources */,
			);
			buildRules = (
			);
			dependencies = (
				9026AD742048231900268B37 /* PBXTargetDependency */,
			);
			name = TaroMaroCoinTests;
			productName = TaroMaroCoinTests;
			productReference = 9026AD722048231900268B37 /* TaroMaroCoinTests.xctest */;
			productType = "com.apple.product-type.bundle.unit-test";
		};
		9026AD7C2048231900268B37 /* TaroMaroCoinUITests */ = {
			isa = PBXNativeTarget;
			buildConfigurationList = 9026AD8C2048231900268B37 /* Build configuration list for PBXNativeTarget "TaroMaroCoinUITests" */;
			buildPhases = (
				9026AD792048231900268B37 /* Sources */,
				9026AD7A2048231900268B37 /* Frameworks */,
				9026AD7B2048231900268B37 /* Resources */,
			);
			buildRules = (
			);
			dependencies = (
				9026AD7F2048231900268B37 /* PBXTargetDependency */,
			);
			name = TaroMaroCoinUITests;
			productName = TaroMaroCoinUITests;
			productReference = 9026AD7D2048231900268B37 /* TaroMaroCoinUITests.xctest */;
			productType = "com.apple.product-type.bundle.ui-testing";
		};
/* End PBXNativeTarget section */

/* Begin PBXProject section */
		9026AD522048231800268B37 /* Project object */ = {
			isa = PBXProject;
			attributes = {
				LastUpgradeCheck = 0900;
				ORGANIZATIONNAME = nestcode;
				TargetAttributes = {
					9026AD592048231800268B37 = {
						CreatedOnToolsVersion = 9.0;
						ProvisioningStyle = Automatic;
					};
					9026AD712048231900268B37 = {
						CreatedOnToolsVersion = 9.0;
						ProvisioningStyle = Automatic;
						TestTargetID = 9026AD592048231800268B37;
					};
					9026AD7C2048231900268B37 = {
						CreatedOnToolsVersion = 9.0;
						ProvisioningStyle = Automatic;
						TestTargetID = 9026AD592048231800268B37;
					};
				};
			};
			buildConfigurationList = 9026AD552048231800268B37 /* Build configuration list for PBXProject "TaroMaroCoin" */;
			compatibilityVersion = "Xcode 8.0";
			developmentRegion = en;
			hasScannedForEncodings = 0;
			knownRegions = (
				en,
				Base,
			);
			mainGroup = 9026AD512048231800268B37;
			productRefGroup = 9026AD5B2048231800268B37 /* Products */;
			projectDirPath = "";
			projectRoot = "";
			targets = (
				9026AD592048231800268B37 /* TaroMaroCoin */,
				9026AD712048231900268B37 /* TaroMaroCoinTests */,
				9026AD7C2048231900268B37 /* TaroMaroCoinUITests */,
			);
		};
/* End PBXProject section */

/* Begin PBXResourcesBuildPhase section */
		9026AD582048231800268B37 /* Resources */ = {
			isa = PBXResourcesBuildPhase;
			buildActionMask = 2147483647;
			files = (
				9026AD6A2048231800268B37 /* LaunchScreen.storyboard in Resources */,
				9026AD672048231800268B37 /* Assets.xcassets in Resources */,
				9026AD652048231800268B37 /* Main.storyboard in Resources */,
			);
			runOnlyForDeploymentPostprocessing = 0;
		};
		9026AD702048231900268B37 /* Resources */ = {
			isa = PBXResourcesBuildPhase;
			buildActionMask = 2147483647;
			files = (
			);
			runOnlyForDeploymentPostprocessing = 0;
		};
		9026AD7B2048231900268B37 /* Resources */ = {
			isa = PBXResourcesBuildPhase;
			buildActionMask = 2147483647;
			files = (
			);
			runOnlyForDeploymentPostprocessing = 0;
		};
/* End PBXResourcesBuildPhase section */

/* Begin PBXSourcesBuildPhase section */
		9026AD562048231800268B37 /* Sources */ = {
			isa = PBXSourcesBuildPhase;
			buildActionMask = 2147483647;
			files = (
				9026AD622048231800268B37 /* ViewController.m in Sources */,
				9026AD6D2048231800268B37 /* main.m in Sources */,
				9026AD5F2048231800268B37 /* AppDelegate.m in Sources */,
			);
			runOnlyForDeploymentPostprocessing = 0;
		};
		9026AD6E2048231900268B37 /* Sources */ = {
			isa = PBXSourcesBuildPhase;
			buildActionMask = 2147483647;
			files = (
				9026AD772048231900268B37 /* TaroMaroCoinTests.m in Sources */,
			);
			runOnlyForDeploymentPostprocessing = 0;
		};
		9026AD792048231900268B37 /* Sources */ = {
			isa = PBXSourcesBuildPhase;
			buildActionMask = 2147483647;
			files = (
				9026AD822048231900268B37 /* TaroMaroCoinUITests.m in Sources */,
			);
			runOnlyForDeploymentPostprocessing = 0;
		};
/* End PBXSourcesBuildPhase section */

/* Begin PBXTargetDependency section */
		9026AD742048231900268B37 /* PBXTargetDependency */ = {
			isa = PBXTargetDependency;
			target = 9026AD592048231800268B37 /* TaroMaroCoin */;
			targetProxy = 9026AD732048231900268B37 /* PBXContainerItemProxy */;
		};
		9026AD7F2048231900268B37 /* PBXTargetDependency */ = {
			isa = PBXTargetDependency;
			target = 9026AD592048231800268B37 /* TaroMaroCoin */;
			targetProxy = 9026AD7E2048231900268B37 /* PBXContainerItemProxy */;
		};
/* End PBXTargetDependency section */

/* Begin PBXVariantGroup section */
		9026AD632048231800268B37 /* Main.storyboard */ = {
			isa = PBXVariantGroup;
			children = (
				9026AD642048231800268B37 /* Base */,
			);
			name = Main.storyboard;
			sourceTree = "<group>";
		};
		9026AD682048231800268B37 /* LaunchScreen.storyboard */ = {
			isa = PBXVariantGroup;
			children = (
				9026AD692048231800268B37 /* Base */,
			);
			name = LaunchScreen.storyboard;
			sourceTree = "<group>";
		};
/* End PBXVariantGroup section */

/* Begin XCBuildConfiguration section */
		9026AD842048231900268B37 /* Debug */ = {
			isa = XCBuildConfiguration;
			buildSettings = {
				ALWAYS_SEARCH_USER_PATHS = NO;
				CLANG_ANALYZER_NONNULL = YES;
				CLANG_ANALYZER_NUMBER_OBJECT_CONVERSION = YES_AGGRESSIVE;
				CLANG_CXX_LANGUAGE_STANDARD = "gnu++14";
				CLANG_CXX_LIBRARY = "libc++";
				CLANG_ENABLE_MODULES = YES;
				CLANG_ENABLE_OBJC_ARC = YES;
				CLANG_WARN_BLOCK_CAPTURE_AUTORELEASING = YES;
				CLANG_WARN_BOOL_CONVERSION = YES;
				CLANG_WARN_COMMA = YES;
				CLANG_WARN_CONSTANT_CONVERSION = YES;
				CLANG_WARN_DIRECT_OBJC_ISA_USAGE = YES_ERROR;
				CLANG_WARN_DOCUMENTATION_COMMENTS = YES;
				CLANG_WARN_EMPTY_BODY = YES;
				CLANG_WARN_ENUM_CONVERSION = YES;
				CLANG_WARN_INFINITE_RECURSION = YES;
				CLANG_WARN_INT_CONVERSION = YES;
				CLANG_WARN_NON_LITERAL_NULL_CONVERSION = YES;
				CLANG_WARN_OBJC_LITERAL_CONVERSION = YES;
				CLANG_WARN_OBJC_ROOT_CLASS = YES_ERROR;
				CLANG_WARN_RANGE_LOOP_ANALYSIS = YES;
				CLANG_WARN_STRICT_PROTOTYPES = YES;
				CLANG_WARN_SUSPICIOUS_MOVE = YES;
				CLANG_WARN_UNGUARDED_AVAILABILITY = YES_AGGRESSIVE;
				CLANG_WARN_UNREACHABLE_CODE = YES;
				CLANG_WARN__DUPLICATE_METHOD_MATCH = YES;
				CODE_SIGN_IDENTITY = "iPhone Developer";
				COPY_PHASE_STRIP = NO;
				DEBUG_INFORMATION_FORMAT = dwarf;
				ENABLE_STRICT_OBJC_MSGSEND = YES;
				ENABLE_TESTABILITY = YES;
				GCC_C_LANGUAGE_STANDARD = gnu11;
				GCC_DYNAMIC_NO_PIC = NO;
				GCC_NO_COMMON_BLOCKS = YES;
				GCC_OPTIMIZATION_LEVEL = 0;
				GCC_PREPROCESSOR_DEFINITIONS = (
					"DEBUG=1",
					"$(inherited)",
				);
				GCC_WARN_64_TO_32_BIT_CONVERSION = YES;
				GCC_WARN_ABOUT_RETURN_TYPE = YES_ERROR;
				GCC_WARN_UNDECLARED_SELECTOR = YES;
				GCC_WARN_UNINITIALIZED_AUTOS = YES_AGGRESSIVE;
				GCC_WARN_UNUSED_FUNCTION = YES;
				GCC_WARN_UNUSED_VARIABLE = YES;
				IPHONEOS_DEPLOYMENT_TARGET = 11.0;
				MTL_ENABLE_DEBUG_INFO = YES;
				ONLY_ACTIVE_ARCH = YES;
				SDKROOT = iphoneos;
			};
			name = Debug;
		};
		9026AD852048231900268B37 /* Release */ = {
			isa = XCBuildConfiguration;
			buildSettings = {
				ALWAYS_SEARCH_USER_PATHS = NO;
				CLANG_ANALYZER_NONNULL = YES;
				CLANG_ANALYZER_NUMBER_OBJECT_CONVERSION = YES_AGGRESSIVE;
				CLANG_CXX_LANGUAGE_STANDARD = "gnu++14";
				CLANG_CXX_LIBRARY = "libc++";
				CLANG_ENABLE_MODULES = YES;
				CLANG_ENABLE_OBJC_ARC = YES;
				CLANG_WARN_BLOCK_CAPTURE_AUTORELEASING = YES;
				CLANG_WARN_BOOL_CONVERSION = YES;
				CLANG_WARN_COMMA = YES;
				CLANG_WARN_CONSTANT_CONVERSION = YES;
				CLANG_WARN_DIRECT_OBJC_ISA_USAGE = YES_ERROR;
				CLANG_WARN_DOCUMENTATION_COMMENTS = YES;
				CLANG_WARN_EMPTY_BODY = YES;
				CLANG_WARN_ENUM_CONVERSION = YES;
				CLANG_WARN_INFINITE_RECURSION = YES;
				CLANG_WARN_INT_CONVERSION = YES;
				CLANG_WARN_NON_LITERAL_NULL_CONVERSION = YES;
				CLANG_WARN_OBJC_LITERAL_CONVERSION = YES;
				CLANG_WARN_OBJC_ROOT_CLASS = YES_ERROR;
				CLANG_WARN_RANGE_LOOP_ANALYSIS = YES;
				CLANG_WARN_STRICT_PROTOTYPES = YES;
				CLANG_WARN_SUSPICIOUS_MOVE = YES;
				CLANG_WARN_UNGUARDED_AVAILABILITY = YES_AGGRESSIVE;
				CLANG_WARN_UNREACHABLE_CODE = YES;
				CLANG_WARN__DUPLICATE_METHOD_MATCH = YES;
				CODE_SIGN_IDENTITY = "iPhone Developer";
				COPY_PHASE_STRIP = NO;
				DEBUG_INFORMATION_FORMAT = "dwarf-with-dsym";
				ENABLE_NS_ASSERTIONS = NO;
				ENABLE_STRICT_OBJC_MSGSEND = YES;
				GCC_C_LANGUAGE_STANDARD = gnu11;
				GCC_NO_COMMON_BLOCKS = YES;
				GCC_WARN_64_TO_32_BIT_CONVERSION = YES;
				GCC_WARN_ABOUT_RETURN_TYPE = YES_ERROR;
				GCC_WARN_UNDECLARED_SELECTOR = YES;
				GCC_WARN_UNINITIALIZED_AUTOS = YES_AGGRESSIVE;
				GCC_WARN_UNUSED_FUNCTION = YES;
				GCC_WARN_UNUSED_VARIABLE = YES;
				IPHONEOS_DEPLOYMENT_TARGET = 11.0;
				MTL_ENABLE_DEBUG_INFO = NO;
				SDKROOT = iphoneos;
				VALIDATE_PRODUCT = YES;
			};
			name = Release;
		};
		9026AD872048231900268B37 /* Debug */ = {
			isa = XCBuildConfiguration;
			buildSettings = {
				ASSETCATALOG_COMPILER_APPICON_NAME = AppIcon;
				CODE_SIGN_STYLE = Automatic;
				DEVELOPMENT_TEAM = 27CNNAHK2T;
				INFOPLIST_FILE = TaroMaroCoin/Info.plist;
				LD_RUNPATH_SEARCH_PATHS = "$(inherited) @executable_path/Frameworks";
				PRODUCT_BUNDLE_IDENTIFIER = com.app.TaroMaroCoin;
				PRODUCT_NAME = "$(TARGET_NAME)";
				TARGETED_DEVICE_FAMILY = "1,2";
			};
			name = Debug;
		};
		9026AD882048231900268B37 /* Release */ = {
			isa = XCBuildConfiguration;
			buildSettings = {
				ASSETCATALOG_COMPILER_APPICON_NAME = AppIcon;
				CODE_SIGN_STYLE = Automatic;
				DEVELOPMENT_TEAM = 27CNNAHK2T;
				INFOPLIST_FILE = TaroMaroCoin/Info.plist;
				LD_RUNPATH_SEARCH_PATHS = "$(inherited) @executable_path/Frameworks";
				PRODUCT_BUNDLE_IDENTIFIER = com.app.TaroMaroCoin;
				PRODUCT_NAME = "$(TARGET_NAME)";
				TARGETED_DEVICE_FAMILY = "1,2";
			};
			name = Release;
		};
		9026AD8A2048231900268B37 /* Debug */ = {
			isa = XCBuildConfiguration;
			buildSettings = {
				BUNDLE_LOADER = "$(TEST_HOST)";
				CODE_SIGN_STYLE = Automatic;
				DEVELOPMENT_TEAM = 27CNNAHK2T;
				INFOPLIST_FILE = TaroMaroCoinTests/Info.plist;
				LD_RUNPATH_SEARCH_PATHS = "$(inherited) @executable_path/Frameworks @loader_path/Frameworks";
				PRODUCT_BUNDLE_IDENTIFIER = com.app.TaroMaroCoinTests;
				PRODUCT_NAME = "$(TARGET_NAME)";
				TARGETED_DEVICE_FAMILY = "1,2";
				TEST_HOST = "$(BUILT_PRODUCTS_DIR)/TaroMaroCoin.app/TaroMaroCoin";
			};
			name = Debug;
		};
		9026AD8B2048231900268B37 /* Release */ = {
			isa = XCBuildConfiguration;
			buildSettings = {
				BUNDLE_LOADER = "$(TEST_HOST)";
				CODE_SIGN_STYLE = Automatic;
				DEVELOPMENT_TEAM = 27CNNAHK2T;
				INFOPLIST_FILE = TaroMaroCoinTests/Info.plist;
				LD_RUNPATH_SEARCH_PATHS = "$(inherited) @executable_path/Frameworks @loader_path/Frameworks";
				PRODUCT_BUNDLE_IDENTIFIER = com.app.TaroMaroCoinTests;
				PRODUCT_NAME = "$(TARGET_NAME)";
				TARGETED_DEVICE_FAMILY = "1,2";
				TEST_HOST = "$(BUILT_PRODUCTS_DIR)/TaroMaroCoin.app/TaroMaroCoin";
			};
			name = Release;
		};
		9026AD8D2048231900268B37 /* Debug */ = {
			isa = XCBuildConfiguration;
			buildSettings = {
				CODE_SIGN_STYLE = Automatic;
				DEVELOPMENT_TEAM = 27CNNAHK2T;
				INFOPLIST_FILE = TaroMaroCoinUITests/Info.plist;
				LD_RUNPATH_SEARCH_PATHS = "$(inherited) @executable_path/Frameworks @loader_path/Frameworks";
				PRODUCT_BUNDLE_IDENTIFIER = com.app.TaroMaroCoinUITests;
				PRODUCT_NAME = "$(TARGET_NAME)";
				TARGETED_DEVICE_FAMILY = "1,2";
				TEST_TARGET_NAME = TaroMaroCoin;
			};
			name = Debug;
		};
		9026AD8E2048231900268B37 /* Release */ = {
			isa = XCBuildConfiguration;
			buildSettings = {
				CODE_SIGN_STYLE = Automatic;
				DEVELOPMENT_TEAM = 27CNNAHK2T;
				INFOPLIST_FILE = TaroMaroCoinUITests/Info.plist;
				LD_RUNPATH_SEARCH_PATHS = "$(inherited) @executable_path/Frameworks @loader_path/Frameworks";
				PRODUCT_BUNDLE_IDENTIFIER = com.app.TaroMaroCoinUITests;
				PRODUCT_NAME = "$(TARGET_NAME)";
				TARGETED_DEVICE_FAMILY = "1,2";
				TEST_TARGET_NAME = TaroMaroCoin;
			};
			name = Release;
		};
/* End XCBuildConfiguration section */

/* Begin XCConfigurationList section */
		9026AD552048231800268B37 /* Build configuration list for PBXProject "TaroMaroCoin" */ = {
			isa = XCConfigurationList;
			buildConfigurations = (
				9026AD842048231900268B37 /* Debug */,
				9026AD852048231900268B37 /* Release */,
			);
			defaultConfigurationIsVisible = 0;
			defaultConfigurationName = Release;
		};
		9026AD862048231900268B37 /* Build configuration list for PBXNativeTarget "TaroMaroCoin" */ = {
			isa = XCConfigurationList;
			buildConfigurations = (
				9026AD872048231900268B37 /* Debug */,
				9026AD882048231900268B37 /* Release */,
			);
			defaultConfigurationIsVisible = 0;
			defaultConfigurationName = Release;
		};
		9026AD892048231900268B37 /* Build configuration list for PBXNativeTarget "TaroMaroCoinTests" */ = {
			isa = XCConfigurationList;
			buildConfigurations = (
				9026AD8A2048231900268B37 /* Debug */,
				9026AD8B2048231900268B37 /* Release */,
			);
			defaultConfigurationIsVisible = 0;
			defaultConfigurationName = Release;
		};
		9026AD8C2048231900268B37 /* Build configuration list for PBXNativeTarget "TaroMaroCoinUITests" */ = {
			isa = XCConfigurationList;
			buildConfigurations = (
				9026AD8D2048231900268B37 /* Debug */,
				9026AD8E2048231900268B37 /* Release */,
			);
			defaultConfigurationIsVisible = 0;
			defaultConfigurationName = Release;
		};
/* End XCConfigurationList section */
	};
	rootObject = 9026AD522048231800268B37 /* Project object */;
}
